
Microsoft Visual Studio Solution File, Format Version 12.00
# Visual Studio 2013
VisualStudioVersion = 12.0.31101.0
MinimumVisualStudioVersion = 10.0.40219.1
Project("{FAE04EC0-301F-11D3-BF4B-00C04F79EFBC}") = "CSharpTrening", "CSharpTrening\CSharpTrening.csproj", "{5949AC67-1992-43B5-B4B4-4CA6694558A7}"
EndProject
Project("{FAE04EC0-301F-11D3-BF4B-00C04F79EFBC}") = "WebAplikacija", "WebAplikacija\WebAplikacija.csproj", "{6FC1EA23-8869-49BA-AD49-3727D58ACC77}"
EndProject
Global
	GlobalSection(SolutionConfigurationPlatforms) = preSolution
		Debug|Any CPU = Debug|Any CPU
		Release|Any CPU = Release|Any CPU
	EndGlobalSection
	GlobalSection(ProjectConfigurationPlatforms) = postSolution
		{5949AC67-1992-43B5-B4B4-4CA6694558A7}.Debug|Any CPU.ActiveCfg = Debug|Any CPU
		{5949AC67-1992-43B5-B4B4-4CA6694558A7}.Debug|Any CPU.Build.0 = Debug|Any CPU
		{5949AC67-1992-43B5-B4B4-4CA6694558A7}.Release|Any CPU.ActiveCfg = Release|Any CPU
		{5949AC67-1992-43B5-B4B4-4CA6694558A7}.Release|Any CPU.Build.0 = Release|Any CPU
		{6FC1EA23-8869-49BA-AD49-3727D58ACC77}.Debug|Any CPU.ActiveCfg = Debug|Any CPU
		{6FC1EA23-8869-49BA-AD49-3727D58ACC77}.Debug|Any CPU.Build.0 = Debug|Any CPU
		{6FC1EA23-8869-49BA-AD49-3727D58ACC77}.Release|Any CPU.ActiveCfg = Release|Any CPU
		{6FC1EA23-8869-49BA-AD49-3727D58ACC77}.Release|Any CPU.Build.0 = Release|Any CPU
	EndGlobalSection
	GlobalSection(SolutionProperties) = preSolution
		HideSolutionNode = FALSE
	EndGlobalSection
EndGlobal
